
Microsoft Visual Studio Solution File, Format Version 12.00
# Visual Studio Version 16
VisualStudioVersion = 16.0.31424.327
MinimumVisualStudioVersion = 10.0.40219.1
Project("{FAE04EC0-301F-11D3-BF4B-00C04F79EFBC}") = "WinFormsApp", "WinFormsApp\WinFormsApp.csproj", "{9F5D6B67-BEDF-4269-858B-821063E3F51D}"
EndProject
Global
	GlobalSection(SolutionConfigurationPlatforms) = preSolution
		Debug|Any CPU = Debug|Any CPU
		Release|Any CPU = Release|Any CPU
	EndGlobalSection
	GlobalSection(ProjectConfigurationPlatforms) = postSolution
		{9F5D6B67-BEDF-4269-858B-821063E3F51D}.Debug|Any CPU.ActiveCfg = Debug|Any CPU
		{9F5D6B67-BEDF-4269-858B-821063E3F51D}.Debug|Any CPU.Build.0 = Debug|Any CPU
		{9F5D6B67-BEDF-4269-858B-821063E3F51D}.Release|Any CPU.ActiveCfg = Release|Any CPU
		{9F5D6B67-BEDF-4269-858B-821063E3F51D}.Release|Any CPU.Build.0 = Release|Any CPU
	EndGlobalSection
	GlobalSection(SolutionProperties) = preSolution
		HideSolutionNode = FALSE
	EndGlobalSection
	GlobalSection(ExtensibilityGlobals) = postSolution
		SolutionGuid = {B1EDEBAC-D691-43AC-8B1D-F1F9EE7AB8CF}
	EndGlobalSection
EndGlobal
